
Microsoft Visual Studio Solution File, Format Version 10.00
# Visual Studio 2008
Project("{FAE04EC0-301F-11D3-BF4B-00C04F79EFBC}") = "Aadhar_Based", "Aadhar_Based\Aadhar_Based.csproj", "{82DA4B22-197B-400C-BC04-3D8486B7273E}"
EndProject
Global
	GlobalSection(SolutionConfigurationPlatforms) = preSolution
		Debug|Any CPU = Debug|Any CPU
		Release|Any CPU = Release|Any CPU
	EndGlobalSection
	GlobalSection(ProjectConfigurationPlatforms) = postSolution
		{82DA4B22-197B-400C-BC04-3D8486B7273E}.Debug|Any CPU.ActiveCfg = Debug|Any CPU
		{82DA4B22-197B-400C-BC04-3D8486B7273E}.Debug|Any CPU.Build.0 = Debug|Any CPU
		{82DA4B22-197B-400C-BC04-3D8486B7273E}.Release|Any CPU.ActiveCfg = Release|Any CPU
		{82DA4B22-197B-400C-BC04-3D8486B7273E}.Release|Any CPU.Build.0 = Release|Any CPU
	EndGlobalSection
	GlobalSection(SolutionProperties) = preSolution
		HideSolutionNode = FALSE
	EndGlobalSection
EndGlobal
